
Microsoft Visual Studio Solution File, Format Version 12.00
# Visual Studio 15
VisualStudioVersion = 15.0.28010.2026
MinimumVisualStudioVersion = 10.0.40219.1
Project("{9A19103F-16F7-4668-BE54-9A1E7A4F7556}") = "GrammToOuncesLibary", "GrammToOunces\GrammToOuncesLibary.csproj", "{E7421B39-DF58-46E1-B20C-30ACCA8A699D}"
EndProject
Project("{9A19103F-16F7-4668-BE54-9A1E7A4F7556}") = "MS _Test_GrammToOunces", "MS _Test_GrammToOunces\MS _Test_GrammToOunces.csproj", "{73F504EA-7DF6-42D2-9E33-48B67EA6AE74}"
EndProject
Project("{FAE04EC0-301F-11D3-BF4B-00C04F79EFBC}") = "TCP Server", "TCP Server\TCP Server.csproj", "{C4D28280-AB6E-446C-B94F-D2F874956F3E}"
EndProject
Project("{FAE04EC0-301F-11D3-BF4B-00C04F79EFBC}") = "TCP Client", "TCP Client\TCP Client.csproj", "{96BA3D67-EC9A-4E94-A22D-97D65D21F1E8}"
EndProject
Global
	GlobalSection(SolutionConfigurationPlatforms) = preSolution
		Debug|Any CPU = Debug|Any CPU
		Release|Any CPU = Release|Any CPU
	EndGlobalSection
	GlobalSection(ProjectConfigurationPlatforms) = postSolution
		{E7421B39-DF58-46E1-B20C-30ACCA8A699D}.Debug|Any CPU.ActiveCfg = Debug|Any CPU
		{E7421B39-DF58-46E1-B20C-30ACCA8A699D}.Debug|Any CPU.Build.0 = Debug|Any CPU
		{E7421B39-DF58-46E1-B20C-30ACCA8A699D}.Release|Any CPU.ActiveCfg = Release|Any CPU
		{E7421B39-DF58-46E1-B20C-30ACCA8A699D}.Release|Any CPU.Build.0 = Release|Any CPU
		{73F504EA-7DF6-42D2-9E33-48B67EA6AE74}.Debug|Any CPU.ActiveCfg = Debug|Any CPU
		{73F504EA-7DF6-42D2-9E33-48B67EA6AE74}.Debug|Any CPU.Build.0 = Debug|Any CPU
		{73F504EA-7DF6-42D2-9E33-48B67EA6AE74}.Release|Any CPU.ActiveCfg = Release|Any CPU
		{73F504EA-7DF6-42D2-9E33-48B67EA6AE74}.Release|Any CPU.Build.0 = Release|Any CPU
		{C4D28280-AB6E-446C-B94F-D2F874956F3E}.Debug|Any CPU.ActiveCfg = Debug|Any CPU
		{C4D28280-AB6E-446C-B94F-D2F874956F3E}.Debug|Any CPU.Build.0 = Debug|Any CPU
		{C4D28280-AB6E-446C-B94F-D2F874956F3E}.Release|Any CPU.ActiveCfg = Release|Any CPU
		{C4D28280-AB6E-446C-B94F-D2F874956F3E}.Release|Any CPU.Build.0 = Release|Any CPU
		{96BA3D67-EC9A-4E94-A22D-97D65D21F1E8}.Debug|Any CPU.ActiveCfg = Debug|Any CPU
		{96BA3D67-EC9A-4E94-A22D-97D65D21F1E8}.Debug|Any CPU.Build.0 = Debug|Any CPU
		{96BA3D67-EC9A-4E94-A22D-97D65D21F1E8}.Release|Any CPU.ActiveCfg = Release|Any CPU
		{96BA3D67-EC9A-4E94-A22D-97D65D21F1E8}.Release|Any CPU.Build.0 = Release|Any CPU
	EndGlobalSection
	GlobalSection(SolutionProperties) = preSolution
		HideSolutionNode = FALSE
	EndGlobalSection
	GlobalSection(ExtensibilityGlobals) = postSolution
		SolutionGuid = {44150F26-4C93-44CC-9781-993E37667449}
	EndGlobalSection
EndGlobal
